// !$*UTF8*$!
{
	archiveVersion = 1;
	classes = {
	};
	objectVersion = 46;
	objects = {

/* Begin PBXBuildFile section */
		A9166E4216A5379E003B2061 /* NoteCardViewController.m in Sources */ = {isa = PBXBuildFile; fileRef = A9166E4116A5379E003B2061 /* NoteCardViewController.m */; };
		A91B151716B7A0A90030007D /* DemoVo.m in Sources */ = {isa = PBXBuildFile; fileRef = A91B151616B7A0A90030007D /* DemoVo.m */; };
		A9472B4916BA1B6C00E9DC5C /* CustomerController.m in Sources */ = {isa = PBXBuildFile; fileRef = A9472B4816BA1B6B00E9DC5C /* CustomerController.m */; };
		A9A8CA5416A3FA8D0027364A /* UIKit.framework in Frameworks */ = {isa = PBXBuildFile; fileRef = A9A8CA5316A3FA8D0027364A /* UIKit.framework */; };
		A9A8CA5616A3FA8D0027364A /* Foundation.framework in Frameworks */ = {isa = PBXBuildFile; fileRef = A9A8CA5516A3FA8D0027364A /* Foundation.framework */; };
		A9A8CA5816A3FA8D0027364A /* CoreGraphics.framework in Frameworks */ = {isa = PBXBuildFile; fileRef = A9A8CA5716A3FA8D0027364A /* CoreGraphics.framework */; };
		A9A8CA5E16A3FA8D0027364A /* InfoPlist.strings in Resources */ = {isa = PBXBuildFile; fileRef = A9A8CA5C16A3FA8D0027364A /* InfoPlist.strings */; };
		A9A8CA6016A3FA8D0027364A /* main.m in Sources */ = {isa = PBXBuildFile; fileRef = A9A8CA5F16A3FA8D0027364A /* main.m */; };
		A9A8CA6416A3FA8D0027364A /* AppDelegate.m in Sources */ = {isa = PBXBuildFile; fileRef = A9A8CA6316A3FA8D0027364A /* AppDelegate.m */; };
		A9A8CA6616A3FA8D0027364A /* Default.png in Resources */ = {isa = PBXBuildFile; fileRef = A9A8CA6516A3FA8D0027364A /* Default.png */; };
		A9A8CA6816A3FA8D0027364A /* Default@2x.png in Resources */ = {isa = PBXBuildFile; fileRef = A9A8CA6716A3FA8D0027364A /* Default@2x.png */; };
		A9A8CA6A16A3FA8D0027364A /* Default-568h@2x.png in Resources */ = {isa = PBXBuildFile; fileRef = A9A8CA6916A3FA8D0027364A /* Default-568h@2x.png */; };
		A9A8CA6D16A3FA8D0027364A /* MasterViewController.m in Sources */ = {isa = PBXBuildFile; fileRef = A9A8CA6C16A3FA8D0027364A /* MasterViewController.m */; };
		A9A8CA7016A3FA8D0027364A /* DetailViewController.m in Sources */ = {isa = PBXBuildFile; fileRef = A9A8CA6F16A3FA8D0027364A /* DetailViewController.m */; };
		A9A8CA7316A3FA8D0027364A /* MasterViewController.xib in Resources */ = {isa = PBXBuildFile; fileRef = A9A8CA7116A3FA8D0027364A /* MasterViewController.xib */; };
		A9A8CA7616A3FA8D0027364A /* DetailViewController.xib in Resources */ = {isa = PBXBuildFile; fileRef = A9A8CA7416A3FA8D0027364A /* DetailViewController.xib */; };
		A9A8CA7E16A3FA8E0027364A /* SenTestingKit.framework in Frameworks */ = {isa = PBXBuildFile; fileRef = A9A8CA7D16A3FA8E0027364A /* SenTestingKit.framework */; };
		A9A8CA7F16A3FA8E0027364A /* UIKit.framework in Frameworks */ = {isa = PBXBuildFile; fileRef = A9A8CA5316A3FA8D0027364A /* UIKit.framework */; };
		A9A8CA8016A3FA8E0027364A /* Foundation.framework in Frameworks */ = {isa = PBXBuildFile; fileRef = A9A8CA5516A3FA8D0027364A /* Foundation.framework */; };
		A9A8CA8816A3FA8E0027364A /* InfoPlist.strings in Resources */ = {isa = PBXBuildFile; fileRef = A9A8CA8616A3FA8E0027364A /* InfoPlist.strings */; };
		A9A8CA8B16A3FA8E0027364A /* superTabNavigatorTests.m in Sources */ = {isa = PBXBuildFile; fileRef = A9A8CA8A16A3FA8E0027364A /* superTabNavigatorTests.m */; };
		A9A8CA9716A3FC7B0027364A /* SampleAppDelgate.m in Sources */ = {isa = PBXBuildFile; fileRef = A9A8CA9616A3FC7B0027364A /* SampleAppDelgate.m */; };
		A9A8CA9E16A3FCF60027364A /* MainController.m in Sources */ = {isa = PBXBuildFile; fileRef = A9A8CA9D16A3FCF60027364A /* MainController.m */; };
		A9A8CAA016A3FD2B0027364A /* SampleMainStoryboard.storyboard in Resources */ = {isa = PBXBuildFile; fileRef = A9A8CA9F16A3FD2B0027364A /* SampleMainStoryboard.storyboard */; };
		A9A8CAE816A402C50027364A /* CardView.m in Sources */ = {isa = PBXBuildFile; fileRef = A9A8CAE716A402C50027364A /* CardView.m */; };
		A9A8CAEB16A40EE00027364A /* QuartzCore.framework in Frameworks */ = {isa = PBXBuildFile; fileRef = A9A8CAEA16A40EE00027364A /* QuartzCore.framework */; };
		A9EA851F16A6B9A3003BCC4E /* imgscrrentshot1.png in Resources */ = {isa = PBXBuildFile; fileRef = A9EA851E16A6B9A3003BCC4E /* imgscrrentshot1.png */; };
		A9ED88D816A7B62F00A517F5 /* MemberTestControler.m in Sources */ = {isa = PBXBuildFile; fileRef = A9ED88D716A7B62F00A517F5 /* MemberTestControler.m */; };
		A9ED88E916A7B98600A517F5 /* background-dark-gray-tex.png in Resources */ = {isa = PBXBuildFile; fileRef = A9ED88E316A7B98600A517F5 /* background-dark-gray-tex.png */; };
		A9ED88EA16A7B98600A517F5 /* background-dark-gray-tex@2x.png in Resources */ = {isa = PBXBuildFile; fileRef = A9ED88E416A7B98600A517F5 /* background-dark-gray-tex@2x.png */; };
		A9ED88EB16A7B98600A517F5 /* bar-mid.png in Resources */ = {isa = PBXBuildFile; fileRef = A9ED88E516A7B98600A517F5 /* bar-mid.png */; };
		A9ED88EC16A7B98600A517F5 /* bar-mid@2x.png in Resources */ = {isa = PBXBuildFile; fileRef = A9ED88E616A7B98600A517F5 /* bar-mid@2x.png */; };
		A9ED88ED16A7B98600A517F5 /* premium-header-mid-skinny.png in Resources */ = {isa = PBXBuildFile; fileRef = A9ED88E716A7B98600A517F5 /* premium-header-mid-skinny.png */; };
		A9ED88EE16A7B98600A517F5 /* premium-header-mid-skinny@2x.png in Resources */ = {isa = PBXBuildFile; fileRef = A9ED88E816A7B98600A517F5 /* premium-header-mid-skinny@2x.png */; };
		A9ED88F116A7DB9A00A517F5 /* NoteCardDatasource.m in Sources */ = {isa = PBXBuildFile; fileRef = A9ED88F016A7DB9A00A517F5 /* NoteCardDatasource.m */; };
/* End PBXBuildFile section */

/* Begin PBXContainerItemProxy section */
		A9A8CA8116A3FA8E0027364A /* PBXContainerItemProxy */ = {
			isa = PBXContainerItemProxy;
			containerPortal = A9A8CA4616A3FA8D0027364A /* Project object */;
			proxyType = 1;
			remoteGlobalIDString = A9A8CA4E16A3FA8D0027364A;
			remoteInfo = superTabNavigator;
		};
/* End PBXContainerItemProxy section */

/* Begin PBXFileReference section */
		A9166E4016A5379E003B2061 /* NoteCardViewController.h */ = {isa = PBXFileReference; fileEncoding = 4; lastKnownFileType = sourcecode.c.h; path = NoteCardViewController.h; sourceTree = "<group>"; };
		A9166E4116A5379E003B2061 /* NoteCardViewController.m */ = {isa = PBXFileReference; fileEncoding = 4; lastKnownFileType = sourcecode.c.objc; path = NoteCardViewController.m; sourceTree = "<group>"; };
		A91B151516B7A0A90030007D /* DemoVo.h */ = {isa = PBXFileReference; fileEncoding = 4; lastKnownFileType = sourcecode.c.h; path = DemoVo.h; sourceTree = "<group>"; };
		A91B151616B7A0A90030007D /* DemoVo.m */ = {isa = PBXFileReference; fileEncoding = 4; lastKnownFileType = sourcecode.c.objc; path = DemoVo.m; sourceTree = "<group>"; };
		A9472B4716BA1B6B00E9DC5C /* CustomerController.h */ = {isa = PBXFileReference; fileEncoding = 4; lastKnownFileType = sourcecode.c.h; path = CustomerController.h; sourceTree = "<group>"; };
		A9472B4816BA1B6B00E9DC5C /* CustomerController.m */ = {isa = PBXFileReference; fileEncoding = 4; lastKnownFileType = sourcecode.c.objc; path = CustomerController.m; sourceTree = "<group>"; };
		A9A8CA4F16A3FA8D0027364A /* superTabNavigator.app */ = {isa = PBXFileReference; explicitFileType = wrapper.application; includeInIndex = 0; path = superTabNavigator.app; sourceTree = BUILT_PRODUCTS_DIR; };
		A9A8CA5316A3FA8D0027364A /* UIKit.framework */ = {isa = PBXFileReference; lastKnownFileType = wrapper.framework; name = UIKit.framework; path = System/Library/Frameworks/UIKit.framework; sourceTree = SDKROOT; };
		A9A8CA5516A3FA8D0027364A /* Foundation.framework */ = {isa = PBXFileReference; lastKnownFileType = wrapper.framework; name = Foundation.framework; path = System/Library/Frameworks/Foundation.framework; sourceTree = SDKROOT; };
		A9A8CA5716A3FA8D0027364A /* CoreGraphics.framework */ = {isa = PBXFileReference; lastKnownFileType = wrapper.framework; name = CoreGraphics.framework; path = System/Library/Frameworks/CoreGraphics.framework; sourceTree = SDKROOT; };
		A9A8CA5B16A3FA8D0027364A /* superTabNavigator-Info.plist */ = {isa = PBXFileReference; lastKnownFileType = text.plist.xml; path = "superTabNavigator-Info.plist"; sourceTree = "<group>"; };
		A9A8CA5D16A3FA8D0027364A /* en */ = {isa = PBXFileReference; lastKnownFileType = text.plist.strings; name = en; path = en.lproj/InfoPlist.strings; sourceTree = "<group>"; };
		A9A8CA5F16A3FA8D0027364A /* main.m */ = {isa = PBXFileReference; lastKnownFileType = sourcecode.c.objc; path = main.m; sourceTree = "<group>"; };
		A9A8CA6116A3FA8D0027364A /* superTabNavigator-Prefix.pch */ = {isa = PBXFileReference; lastKnownFileType = sourcecode.c.h; path = "superTabNavigator-Prefix.pch"; sourceTree = "<group>"; };
		A9A8CA6216A3FA8D0027364A /* AppDelegate.h */ = {isa = PBXFileReference; lastKnownFileType = sourcecode.c.h; path = AppDelegate.h; sourceTree = "<group>"; };
		A9A8CA6316A3FA8D0027364A /* AppDelegate.m */ = {isa = PBXFileReference; lastKnownFileType = sourcecode.c.objc; path = AppDelegate.m; sourceTree = "<group>"; };
		A9A8CA6516A3FA8D0027364A /* Default.png */ = {isa = PBXFileReference; lastKnownFileType = image.png; path = Default.png; sourceTree = "<group>"; };
		A9A8CA6716A3FA8D0027364A /* Default@2x.png */ = {isa = PBXFileReference; lastKnownFileType = image.png; path = "Default@2x.png"; sourceTree = "<group>"; };
		A9A8CA6916A3FA8D0027364A /* Default-568h@2x.png */ = {isa = PBXFileReference; lastKnownFileType = image.png; path = "Default-568h@2x.png"; sourceTree = "<group>"; };
		A9A8CA6B16A3FA8D0027364A /* MasterViewController.h */ = {isa = PBXFileReference; lastKnownFileType = sourcecode.c.h; path = MasterViewController.h; sourceTree = "<group>"; };
		A9A8CA6C16A3FA8D0027364A /* MasterViewController.m */ = {isa = PBXFileReference; lastKnownFileType = sourcecode.c.objc; path = MasterViewController.m; sourceTree = "<group>"; };
		A9A8CA6E16A3FA8D0027364A /* DetailViewController.h */ = {isa = PBXFileReference; lastKnownFileType = sourcecode.c.h; path = DetailViewController.h; sourceTree = "<group>"; };
		A9A8CA6F16A3FA8D0027364A /* DetailViewController.m */ = {isa = PBXFileReference; lastKnownFileType = sourcecode.c.objc; path = DetailViewController.m; sourceTree = "<group>"; };
		A9A8CA7216A3FA8D0027364A /* en */ = {isa = PBXFileReference; lastKnownFileType = file.xib; name = en; path = en.lproj/MasterViewController.xib; sourceTree = "<group>"; };
		A9A8CA7516A3FA8D0027364A /* en */ = {isa = PBXFileReference; lastKnownFileType = file.xib; name = en; path = en.lproj/DetailViewController.xib; sourceTree = "<group>"; };
		A9A8CA7C16A3FA8E0027364A /* superTabNavigatorTests.octest */ = {isa = PBXFileReference; explicitFileType = wrapper.cfbundle; includeInIndex = 0; path = superTabNavigatorTests.octest; sourceTree = BUILT_PRODUCTS_DIR; };
		A9A8CA7D16A3FA8E0027364A /* SenTestingKit.framework */ = {isa = PBXFileReference; lastKnownFileType = wrapper.framework; name = SenTestingKit.framework; path = Library/Frameworks/SenTestingKit.framework; sourceTree = DEVELOPER_DIR; };
		A9A8CA8516A3FA8E0027364A /* superTabNavigatorTests-Info.plist */ = {isa = PBXFileReference; lastKnownFileType = text.plist.xml; path = "superTabNavigatorTests-Info.plist"; sourceTree = "<group>"; };
		A9A8CA8716A3FA8E0027364A /* en */ = {isa = PBXFileReference; lastKnownFileType = text.plist.strings; name = en; path = en.lproj/InfoPlist.strings; sourceTree = "<group>"; };
		A9A8CA8916A3FA8E0027364A /* superTabNavigatorTests.h */ = {isa = PBXFileReference; lastKnownFileType = sourcecode.c.h; path = superTabNavigatorTests.h; sourceTree = "<group>"; };
		A9A8CA8A16A3FA8E0027364A /* superTabNavigatorTests.m */ = {isa = PBXFileReference; lastKnownFileType = sourcecode.c.objc; path = superTabNavigatorTests.m; sourceTree = "<group>"; };
		A9A8CA9516A3FC7B0027364A /* SampleAppDelgate.h */ = {isa = PBXFileReference; fileEncoding = 4; lastKnownFileType = sourcecode.c.h; path = SampleAppDelgate.h; sourceTree = "<group>"; };
		A9A8CA9616A3FC7B0027364A /* SampleAppDelgate.m */ = {isa = PBXFileReference; fileEncoding = 4; lastKnownFileType = sourcecode.c.objc; path = SampleAppDelgate.m; sourceTree = "<group>"; };
		A9A8CA9C16A3FCF60027364A /* MainController.h */ = {isa = PBXFileReference; fileEncoding = 4; lastKnownFileType = sourcecode.c.h; path = MainController.h; sourceTree = "<group>"; };
		A9A8CA9D16A3FCF60027364A /* MainController.m */ = {isa = PBXFileReference; fileEncoding = 4; lastKnownFileType = sourcecode.c.objc; path = MainController.m; sourceTree = "<group>"; };
		A9A8CA9F16A3FD2B0027364A /* SampleMainStoryboard.storyboard */ = {isa = PBXFileReference; fileEncoding = 4; lastKnownFileType = file.storyboard; path = SampleMainStoryboard.storyboard; sourceTree = "<group>"; };
		A9A8CAE616A402C50027364A /* CardView.h */ = {isa = PBXFileReference; fileEncoding = 4; lastKnownFileType = sourcecode.c.h; path = CardView.h; sourceTree = "<group>"; };
		A9A8CAE716A402C50027364A /* CardView.m */ = {isa = PBXFileReference; fileEncoding = 4; lastKnownFileType = sourcecode.c.objc; path = CardView.m; sourceTree = "<group>"; };
		A9A8CAE916A407CF0027364A /* ICNoteControllerProtocol.h */ = {isa = PBXFileReference; fileEncoding = 4; lastKnownFileType = sourcecode.c.h; path = ICNoteControllerProtocol.h; sourceTree = "<group>"; };
		A9A8CAEA16A40EE00027364A /* QuartzCore.framework */ = {isa = PBXFileReference; lastKnownFileType = wrapper.framework; name = QuartzCore.framework; path = System/Library/Frameworks/QuartzCore.framework; sourceTree = SDKROOT; };
		A9EA851E16A6B9A3003BCC4E /* imgscrrentshot1.png */ = {isa = PBXFileReference; lastKnownFileType = image.png; path = imgscrrentshot1.png; sourceTree = "<group>"; };
		A9ED88D616A7B62F00A517F5 /* MemberTestControler.h */ = {isa = PBXFileReference; fileEncoding = 4; lastKnownFileType = sourcecode.c.h; path = MemberTestControler.h; sourceTree = "<group>"; };
		A9ED88D716A7B62F00A517F5 /* MemberTestControler.m */ = {isa = PBXFileReference; fileEncoding = 4; lastKnownFileType = sourcecode.c.objc; path = MemberTestControler.m; sourceTree = "<group>"; };
		A9ED88E316A7B98600A517F5 /* background-dark-gray-tex.png */ = {isa = PBXFileReference; lastKnownFileType = image.png; path = "background-dark-gray-tex.png"; sourceTree = "<group>"; };
		A9ED88E416A7B98600A517F5 /* background-dark-gray-tex@2x.png */ = {isa = PBXFileReference; lastKnownFileType = image.png; path = "background-dark-gray-tex@2x.png"; sourceTree = "<group>"; };
		A9ED88E516A7B98600A517F5 /* bar-mid.png */ = {isa = PBXFileReference; lastKnownFileType = image.png; path = "bar-mid.png"; sourceTree = "<group>"; };
		A9ED88E616A7B98600A517F5 /* bar-mid@2x.png */ = {isa = PBXFileReference; lastKnownFileType = image.png; path = "bar-mid@2x.png"; sourceTree = "<group>"; };
		A9ED88E716A7B98600A517F5 /* premium-header-mid-skinny.png */ = {isa = PBXFileReference; lastKnownFileType = image.png; path = "premium-header-mid-skinny.png"; sourceTree = "<group>"; };
		A9ED88E816A7B98600A517F5 /* premium-header-mid-skinny@2x.png */ = {isa = PBXFileReference; lastKnownFileType = image.png; path = "premium-header-mid-skinny@2x.png"; sourceTree = "<group>"; };
		A9ED88EF16A7DB9A00A517F5 /* NoteCardDatasource.h */ = {isa = PBXFileReference; fileEncoding = 4; lastKnownFileType = sourcecode.c.h; path = NoteCardDatasource.h; sourceTree = "<group>"; };
		A9ED88F016A7DB9A00A517F5 /* NoteCardDatasource.m */ = {isa = PBXFileReference; fileEncoding = 4; lastKnownFileType = sourcecode.c.objc; path = NoteCardDatasource.m; sourceTree = "<group>"; };
/* End PBXFileReference section */

/* Begin PBXFrameworksBuildPhase section */
		A9A8CA4C16A3FA8D0027364A /* Frameworks */ = {
			isa = PBXFrameworksBuildPhase;
			buildActionMask = 2147483647;
			files = (
				A9A8CAEB16A40EE00027364A /* QuartzCore.framework in Frameworks */,
				A9A8CA5416A3FA8D0027364A /* UIKit.framework in Frameworks */,
				A9A8CA5616A3FA8D0027364A /* Foundation.framework in Frameworks */,
				A9A8CA5816A3FA8D0027364A /* CoreGraphics.framework in Frameworks */,
			);
			runOnlyForDeploymentPostprocessing = 0;
		};
		A9A8CA7816A3FA8E0027364A /* Frameworks */ = {
			isa = PBXFrameworksBuildPhase;
			buildActionMask = 2147483647;
			files = (
				A9A8CA7E16A3FA8E0027364A /* SenTestingKit.framework in Frameworks */,
				A9A8CA7F16A3FA8E0027364A /* UIKit.framework in Frameworks */,
				A9A8CA8016A3FA8E0027364A /* Foundation.framework in Frameworks */,
			);
			runOnlyForDeploymentPostprocessing = 0;
		};
/* End PBXFrameworksBuildPhase section */

/* Begin PBXGroup section */
		A91B151316B7A0940030007D /* vo */ = {
			isa = PBXGroup;
			children = (
				A91B151516B7A0A90030007D /* DemoVo.h */,
				A91B151616B7A0A90030007D /* DemoVo.m */,
			);
			name = vo;
			sourceTree = "<group>";
		};
		A9A8CA4416A3FA8D0027364A = {
			isa = PBXGroup;
			children = (
				A9ED88D416A7B12700A517F5 /* my */,
				A9A8CA9416A3FAA80027364A /* class */,
				A9A8CA5916A3FA8D0027364A /* superTabNavigator */,
				A9A8CA8316A3FA8E0027364A /* superTabNavigatorTests */,
				A9A8CA5216A3FA8D0027364A /* Frameworks */,
				A9A8CA5016A3FA8D0027364A /* Products */,
			);
			sourceTree = "<group>";
		};
		A9A8CA5016A3FA8D0027364A /* Products */ = {
			isa = PBXGroup;
			children = (
				A9A8CA4F16A3FA8D0027364A /* superTabNavigator.app */,
				A9A8CA7C16A3FA8E0027364A /* superTabNavigatorTests.octest */,
			);
			name = Products;
			sourceTree = "<group>";
		};
		A9A8CA5216A3FA8D0027364A /* Frameworks */ = {
			isa = PBXGroup;
			children = (
				A9A8CAEA16A40EE00027364A /* QuartzCore.framework */,
				A9A8CA5316A3FA8D0027364A /* UIKit.framework */,
				A9A8CA5516A3FA8D0027364A /* Foundation.framework */,
				A9A8CA5716A3FA8D0027364A /* CoreGraphics.framework */,
				A9A8CA7D16A3FA8E0027364A /* SenTestingKit.framework */,
			);
			name = Frameworks;
			sourceTree = "<group>";
		};
		A9A8CA5916A3FA8D0027364A /* superTabNavigator */ = {
			isa = PBXGroup;
			children = (
				A9A8CA5A16A3FA8D0027364A /* Supporting Files */,
				A9A8CA6216A3FA8D0027364A /* AppDelegate.h */,
				A9A8CA6316A3FA8D0027364A /* AppDelegate.m */,
				A9A8CA6B16A3FA8D0027364A /* MasterViewController.h */,
				A9A8CA6C16A3FA8D0027364A /* MasterViewController.m */,
				A9A8CA6E16A3FA8D0027364A /* DetailViewController.h */,
				A9A8CA6F16A3FA8D0027364A /* DetailViewController.m */,
				A9A8CA7116A3FA8D0027364A /* MasterViewController.xib */,
				A9A8CA7416A3FA8D0027364A /* DetailViewController.xib */,
				A9ED88E216A7B90800A517F5 /* img */,
			);
			path = superTabNavigator;
			sourceTree = "<group>";
		};
		A9A8CA5A16A3FA8D0027364A /* Supporting Files */ = {
			isa = PBXGroup;
			children = (
				A9EA851E16A6B9A3003BCC4E /* imgscrrentshot1.png */,
				A9A8CA5B16A3FA8D0027364A /* superTabNavigator-Info.plist */,
				A9A8CA5C16A3FA8D0027364A /* InfoPlist.strings */,
				A9A8CA5F16A3FA8D0027364A /* main.m */,
				A9A8CA6116A3FA8D0027364A /* superTabNavigator-Prefix.pch */,
				A9A8CA6516A3FA8D0027364A /* Default.png */,
				A9A8CA6716A3FA8D0027364A /* Default@2x.png */,
				A9A8CA6916A3FA8D0027364A /* Default-568h@2x.png */,
			);
			name = "Supporting Files";
			sourceTree = "<group>";
		};
		A9A8CA8316A3FA8E0027364A /* superTabNavigatorTests */ = {
			isa = PBXGroup;
			children = (
				A9A8CA8916A3FA8E0027364A /* superTabNavigatorTests.h */,
				A9A8CA8A16A3FA8E0027364A /* superTabNavigatorTests.m */,
				A9A8CA8416A3FA8E0027364A /* Supporting Files */,
			);
			path = superTabNavigatorTests;
			sourceTree = "<group>";
		};
		A9A8CA8416A3FA8E0027364A /* Supporting Files */ = {
			isa = PBXGroup;
			children = (
				A9A8CA8516A3FA8E0027364A /* superTabNavigatorTests-Info.plist */,
				A9A8CA8616A3FA8E0027364A /* InfoPlist.strings */,
			);
			name = "Supporting Files";
			sourceTree = "<group>";
		};
		A9A8CA9416A3FAA80027364A /* class */ = {
			isa = PBXGroup;
			children = (
				A91B151316B7A0940030007D /* vo */,
				A9A8CAE916A407CF0027364A /* ICNoteControllerProtocol.h */,
				A9A8CA9516A3FC7B0027364A /* SampleAppDelgate.h */,
				A9A8CA9616A3FC7B0027364A /* SampleAppDelgate.m */,
				A9A8CA9C16A3FCF60027364A /* MainController.h */,
				A9A8CA9D16A3FCF60027364A /* MainController.m */,
				A9A8CA9F16A3FD2B0027364A /* SampleMainStoryboard.storyboard */,
				A9A8CAE616A402C50027364A /* CardView.h */,
				A9A8CAE716A402C50027364A /* CardView.m */,
				A9166E4016A5379E003B2061 /* NoteCardViewController.h */,
				A9166E4116A5379E003B2061 /* NoteCardViewController.m */,
				A9ED88EF16A7DB9A00A517F5 /* NoteCardDatasource.h */,
				A9ED88F016A7DB9A00A517F5 /* NoteCardDatasource.m */,
				A9472B4716BA1B6B00E9DC5C /* CustomerController.h */,
				A9472B4816BA1B6B00E9DC5C /* CustomerController.m */,
			);
			name = class;
			sourceTree = "<group>";
		};
		A9ED88D416A7B12700A517F5 /* my */ = {
			isa = PBXGroup;
			children = (
				A9ED88D616A7B62F00A517F5 /* MemberTestControler.h */,
				A9ED88D716A7B62F00A517F5 /* MemberTestControler.m */,
			);
			name = my;
			sourceTree = "<group>";
		};
		A9ED88E216A7B90800A517F5 /* img */ = {
			isa = PBXGroup;
			children = (
				A9ED88E316A7B98600A517F5 /* background-dark-gray-tex.png */,
				A9ED88E416A7B98600A517F5 /* background-dark-gray-tex@2x.png */,
				A9ED88E516A7B98600A517F5 /* bar-mid.png */,
				A9ED88E616A7B98600A517F5 /* bar-mid@2x.png */,
				A9ED88E716A7B98600A517F5 /* premium-header-mid-skinny.png */,
				A9ED88E816A7B98600A517F5 /* premium-header-mid-skinny@2x.png */,
			);
			name = img;
			sourceTree = "<group>";
		};
/* End PBXGroup section */

/* Begin PBXNativeTarget section */
		A9A8CA4E16A3FA8D0027364A /* superTabNavigator */ = {
			isa = PBXNativeTarget;
			buildConfigurationList = A9A8CA8E16A3FA8E0027364A /* Build configuration list for PBXNativeTarget "superTabNavigator" */;
			buildPhases = (
				A9A8CA4B16A3FA8D0027364A /* Sources */,
				A9A8CA4C16A3FA8D0027364A /* Frameworks */,
				A9A8CA4D16A3FA8D0027364A /* Resources */,
			);
			buildRules = (
			);
			dependencies = (
			);
			name = superTabNavigator;
			productName = superTabNavigator;
			productReference = A9A8CA4F16A3FA8D0027364A /* superTabNavigator.app */;
			productType = "com.apple.product-type.application";
		};
		A9A8CA7B16A3FA8E0027364A /* superTabNavigatorTests */ = {
			isa = PBXNativeTarget;
			buildConfigurationList = A9A8CA9116A3FA8E0027364A /* Build configuration list for PBXNativeTarget "superTabNavigatorTests" */;
			buildPhases = (
				A9A8CA7716A3FA8E0027364A /* Sources */,
				A9A8CA7816A3FA8E0027364A /* Frameworks */,
				A9A8CA7916A3FA8E0027364A /* Resources */,
				A9A8CA7A16A3FA8E0027364A /* ShellScript */,
			);
			buildRules = (
			);
			dependencies = (
				A9A8CA8216A3FA8E0027364A /* PBXTargetDependency */,
			);
			name = superTabNavigatorTests;
			productName = superTabNavigatorTests;
			productReference = A9A8CA7C16A3FA8E0027364A /* superTabNavigatorTests.octest */;
			productType = "com.apple.product-type.bundle";
		};
/* End PBXNativeTarget section */

/* Begin PBXProject section */
		A9A8CA4616A3FA8D0027364A /* Project object */ = {
			isa = PBXProject;
			attributes = {
				LastUpgradeCheck = 0450;
				ORGANIZATIONNAME = marco;
			};
			buildConfigurationList = A9A8CA4916A3FA8D0027364A /* Build configuration list for PBXProject "superTabNavigator" */;
			compatibilityVersion = "Xcode 3.2";
			developmentRegion = English;
			hasScannedForEncodings = 0;
			knownRegions = (
				en,
			);
			mainGroup = A9A8CA4416A3FA8D0027364A;
			productRefGroup = A9A8CA5016A3FA8D0027364A /* Products */;
			projectDirPath = "";
			projectRoot = "";
			targets = (
				A9A8CA4E16A3FA8D0027364A /* superTabNavigator */,
				A9A8CA7B16A3FA8E0027364A /* superTabNavigatorTests */,
			);
		};
/* End PBXProject section */

/* Begin PBXResourcesBuildPhase section */
		A9A8CA4D16A3FA8D0027364A /* Resources */ = {
			isa = PBXResourcesBuildPhase;
			buildActionMask = 2147483647;
			files = (
				A9A8CA5E16A3FA8D0027364A /* InfoPlist.strings in Resources */,
				A9A8CA6616A3FA8D0027364A /* Default.png in Resources */,
				A9A8CA6816A3FA8D0027364A /* Default@2x.png in Resources */,
				A9A8CA6A16A3FA8D0027364A /* Default-568h@2x.png in Resources */,
				A9A8CA7316A3FA8D0027364A /* MasterViewController.xib in Resources */,
				A9A8CA7616A3FA8D0027364A /* DetailViewController.xib in Resources */,
				A9A8CAA016A3FD2B0027364A /* SampleMainStoryboard.storyboard in Resources */,
				A9EA851F16A6B9A3003BCC4E /* imgscrrentshot1.png in Resources */,
				A9ED88E916A7B98600A517F5 /* background-dark-gray-tex.png in Resources */,
				A9ED88EA16A7B98600A517F5 /* background-dark-gray-tex@2x.png in Resources */,
				A9ED88EB16A7B98600A517F5 /* bar-mid.png in Resources */,
				A9ED88EC16A7B98600A517F5 /* bar-mid@2x.png in Resources */,
				A9ED88ED16A7B98600A517F5 /* premium-header-mid-skinny.png in Resources */,
				A9ED88EE16A7B98600A517F5 /* premium-header-mid-skinny@2x.png in Resources */,
			);
			runOnlyForDeploymentPostprocessing = 0;
		};
		A9A8CA7916A3FA8E0027364A /* Resources */ = {
			isa = PBXResourcesBuildPhase;
			buildActionMask = 2147483647;
			files = (
				A9A8CA8816A3FA8E0027364A /* InfoPlist.strings in Resources */,
			);
			runOnlyForDeploymentPostprocessing = 0;
		};
/* End PBXResourcesBuildPhase section */

/* Begin PBXShellScriptBuildPhase section */
		A9A8CA7A16A3FA8E0027364A /* ShellScript */ = {
			isa = PBXShellScriptBuildPhase;
			buildActionMask = 2147483647;
			files = (
			);
			inputPaths = (
			);
			outputPaths = (
			);
			runOnlyForDeploymentPostprocessing = 0;
			shellPath = /bin/sh;
			shellScript = "# Run the unit tests in this test bundle.\n\"${SYSTEM_DEVELOPER_DIR}/Tools/RunUnitTests\"\n";
		};
/* End PBXShellScriptBuildPhase section */

/* Begin PBXSourcesBuildPhase section */
		A9A8CA4B16A3FA8D0027364A /* Sources */ = {
			isa = PBXSourcesBuildPhase;
			buildActionMask = 2147483647;
			files = (
				A9A8CA6016A3FA8D0027364A /* main.m in Sources */,
				A9A8CA6416A3FA8D0027364A /* AppDelegate.m in Sources */,
				A9A8CA6D16A3FA8D0027364A /* MasterViewController.m in Sources */,
				A9A8CA7016A3FA8D0027364A /* DetailViewController.m in Sources */,
				A9A8CA9716A3FC7B0027364A /* SampleAppDelgate.m in Sources */,
				A9A8CA9E16A3FCF60027364A /* MainController.m in Sources */,
				A9A8CAE816A402C50027364A /* CardView.m in Sources */,
				A9166E4216A5379E003B2061 /* NoteCardViewController.m in Sources */,
				A9ED88D816A7B62F00A517F5 /* MemberTestControler.m in Sources */,
				A9ED88F116A7DB9A00A517F5 /* NoteCardDatasource.m in Sources */,
				A91B151716B7A0A90030007D /* DemoVo.m in Sources */,
				A9472B4916BA1B6C00E9DC5C /* CustomerController.m in Sources */,
			);
			runOnlyForDeploymentPostprocessing = 0;
		};
		A9A8CA7716A3FA8E0027364A /* Sources */ = {
			isa = PBXSourcesBuildPhase;
			buildActionMask = 2147483647;
			files = (
				A9A8CA8B16A3FA8E0027364A /* superTabNavigatorTests.m in Sources */,
			);
			runOnlyForDeploymentPostprocessing = 0;
		};
/* End PBXSourcesBuildPhase section */

/* Begin PBXTargetDependency section */
		A9A8CA8216A3FA8E0027364A /* PBXTargetDependency */ = {
			isa = PBXTargetDependency;
			target = A9A8CA4E16A3FA8D0027364A /* superTabNavigator */;
			targetProxy = A9A8CA8116A3FA8E0027364A /* PBXContainerItemProxy */;
		};
/* End PBXTargetDependency section */

/* Begin PBXVariantGroup section */
		A9A8CA5C16A3FA8D0027364A /* InfoPlist.strings */ = {
			isa = PBXVariantGroup;
			children = (
				A9A8CA5D16A3FA8D0027364A /* en */,
			);
			name = InfoPlist.strings;
			sourceTree = "<group>";
		};
		A9A8CA7116A3FA8D0027364A /* MasterViewController.xib */ = {
			isa = PBXVariantGroup;
			children = (
				A9A8CA7216A3FA8D0027364A /* en */,
			);
			name = MasterViewController.xib;
			sourceTree = "<group>";
		};
		A9A8CA7416A3FA8D0027364A /* DetailViewController.xib */ = {
			isa = PBXVariantGroup;
			children = (
				A9A8CA7516A3FA8D0027364A /* en */,
			);
			name = DetailViewController.xib;
			sourceTree = "<group>";
		};
		A9A8CA8616A3FA8E0027364A /* InfoPlist.strings */ = {
			isa = PBXVariantGroup;
			children = (
				A9A8CA8716A3FA8E0027364A /* en */,
			);
			name = InfoPlist.strings;
			sourceTree = "<group>";
		};
/* End PBXVariantGroup section */

/* Begin XCBuildConfiguration section */
		A9A8CA8C16A3FA8E0027364A /* Debug */ = {
			isa = XCBuildConfiguration;
			buildSettings = {
				ALWAYS_SEARCH_USER_PATHS = NO;
				CLANG_CXX_LANGUAGE_STANDARD = "gnu++0x";
				CLANG_CXX_LIBRARY = "libc++";
				CLANG_WARN_EMPTY_BODY = YES;
				CLANG_WARN__DUPLICATE_METHOD_MATCH = YES;
				"CODE_SIGN_IDENTITY[sdk=iphoneos*]" = "iPhone Developer";
				COPY_PHASE_STRIP = NO;
				GCC_C_LANGUAGE_STANDARD = gnu99;
				GCC_DYNAMIC_NO_PIC = NO;
				GCC_OPTIMIZATION_LEVEL = 0;
				GCC_PREPROCESSOR_DEFINITIONS = (
					"DEBUG=1",
					"$(inherited)",
				);
				GCC_SYMBOLS_PRIVATE_EXTERN = NO;
				GCC_WARN_ABOUT_RETURN_TYPE = YES;
				GCC_WARN_UNINITIALIZED_AUTOS = YES;
				GCC_WARN_UNUSED_VARIABLE = YES;
				IPHONEOS_DEPLOYMENT_TARGET = 6.0;
				ONLY_ACTIVE_ARCH = YES;
				SDKROOT = iphoneos;
			};
			name = Debug;
		};
		A9A8CA8D16A3FA8E0027364A /* Release */ = {
			isa = XCBuildConfiguration;
			buildSettings = {
				ALWAYS_SEARCH_USER_PATHS = NO;
				CLANG_CXX_LANGUAGE_STANDARD = "gnu++0x";
				CLANG_CXX_LIBRARY = "libc++";
				CLANG_WARN_EMPTY_BODY = YES;
				CLANG_WARN__DUPLICATE_METHOD_MATCH = YES;
				"CODE_SIGN_IDENTITY[sdk=iphoneos*]" = "iPhone Developer";
				COPY_PHASE_STRIP = YES;
				GCC_C_LANGUAGE_STANDARD = gnu99;
				GCC_WARN_ABOUT_RETURN_TYPE = YES;
				GCC_WARN_UNINITIALIZED_AUTOS = YES;
				GCC_WARN_UNUSED_VARIABLE = YES;
				IPHONEOS_DEPLOYMENT_TARGET = 6.0;
				OTHER_CFLAGS = "-DNS_BLOCK_ASSERTIONS=1";
				SDKROOT = iphoneos;
				VALIDATE_PRODUCT = YES;
			};
			name = Release;
		};
		A9A8CA8F16A3FA8E0027364A /* Debug */ = {
			isa = XCBuildConfiguration;
			buildSettings = {
				GCC_PRECOMPILE_PREFIX_HEADER = YES;
				GCC_PREFIX_HEADER = "superTabNavigator/superTabNavigator-Prefix.pch";
				INFOPLIST_FILE = "superTabNavigator/superTabNavigator-Info.plist";
				IPHONEOS_DEPLOYMENT_TARGET = 5.0;
				PRODUCT_NAME = "$(TARGET_NAME)";
				WRAPPER_EXTENSION = app;
			};
			name = Debug;
		};
		A9A8CA9016A3FA8E0027364A /* Release */ = {
			isa = XCBuildConfiguration;
			buildSettings = {
				GCC_PRECOMPILE_PREFIX_HEADER = YES;
				GCC_PREFIX_HEADER = "superTabNavigator/superTabNavigator-Prefix.pch";
				INFOPLIST_FILE = "superTabNavigator/superTabNavigator-Info.plist";
				IPHONEOS_DEPLOYMENT_TARGET = 5.0;
				PRODUCT_NAME = "$(TARGET_NAME)";
				WRAPPER_EXTENSION = app;
			};
			name = Release;
		};
		A9A8CA9216A3FA8E0027364A /* Debug */ = {
			isa = XCBuildConfiguration;
			buildSettings = {
				BUNDLE_LOADER = "$(BUILT_PRODUCTS_DIR)/superTabNavigator.app/superTabNavigator";
				FRAMEWORK_SEARCH_PATHS = (
					"\"$(SDKROOT)/Developer/Library/Frameworks\"",
					"\"$(DEVELOPER_LIBRARY_DIR)/Frameworks\"",
				);
				GCC_PRECOMPILE_PREFIX_HEADER = YES;
				GCC_PREFIX_HEADER = "superTabNavigator/superTabNavigator-Prefix.pch";
				INFOPLIST_FILE = "superTabNavigatorTests/superTabNavigatorTests-Info.plist";
				PRODUCT_NAME = "$(TARGET_NAME)";
				TEST_HOST = "$(BUNDLE_LOADER)";
				WRAPPER_EXTENSION = octest;
			};
			name = Debug;
		};
		A9A8CA9316A3FA8E0027364A /* Release */ = {
			isa = XCBuildConfiguration;
			buildSettings = {
				BUNDLE_LOADER = "$(BUILT_PRODUCTS_DIR)/superTabNavigator.app/superTabNavigator";
				FRAMEWORK_SEARCH_PATHS = (
					"\"$(SDKROOT)/Developer/Library/Frameworks\"",
					"\"$(DEVELOPER_LIBRARY_DIR)/Frameworks\"",
				);
				GCC_PRECOMPILE_PREFIX_HEADER = YES;
				GCC_PREFIX_HEADER = "superTabNavigator/superTabNavigator-Prefix.pch";
				INFOPLIST_FILE = "superTabNavigatorTests/superTabNavigatorTests-Info.plist";
				PRODUCT_NAME = "$(TARGET_NAME)";
				TEST_HOST = "$(BUNDLE_LOADER)";
				WRAPPER_EXTENSION = octest;
			};
			name = Release;
		};
/* End XCBuildConfiguration section */

/* Begin XCConfigurationList section */
		A9A8CA4916A3FA8D0027364A /* Build configuration list for PBXProject "superTabNavigator" */ = {
			isa = XCConfigurationList;
			buildConfigurations = (
				A9A8CA8C16A3FA8E0027364A /* Debug */,
				A9A8CA8D16A3FA8E0027364A /* Release */,
			);
			defaultConfigurationIsVisible = 0;
			defaultConfigurationName = Release;
		};
		A9A8CA8E16A3FA8E0027364A /* Build configuration list for PBXNativeTarget "superTabNavigator" */ = {
			isa = XCConfigurationList;
			buildConfigurations = (
				A9A8CA8F16A3FA8E0027364A /* Debug */,
				A9A8CA9016A3FA8E0027364A /* Release */,
			);
			defaultConfigurationIsVisible = 0;
			defaultConfigurationName = Release;
		};
		A9A8CA9116A3FA8E0027364A /* Build configuration list for PBXNativeTarget "superTabNavigatorTests" */ = {
			isa = XCConfigurationList;
			buildConfigurations = (
				A9A8CA9216A3FA8E0027364A /* Debug */,
				A9A8CA9316A3FA8E0027364A /* Release */,
			);
			defaultConfigurationIsVisible = 0;
			defaultConfigurationName = Release;
		};
/* End XCConfigurationList section */
	};
	rootObject = A9A8CA4616A3FA8D0027364A /* Project object */;
}
